
Microsoft Visual Studio Solution File, Format Version 12.00
# Visual Studio 15
VisualStudioVersion = 15.0.26730.8
MinimumVisualStudioVersion = 10.0.40219.1
Project("{8BC9CEB8-8B4A-11D0-8D11-00A0C91BC942}") = "RubiChess-Linux", "RubiChess-Linux.vcxproj", "{28C682E2-C4C0-4D7F-BA9E-2FB2DD6211F9}"
EndProject
Global
	GlobalSection(SolutionConfigurationPlatforms) = preSolution
		Bitboard-Debug|ARM = Bitboard-Debug|ARM
		Bitboard-Debug|x64 = Bitboard-Debug|x64
		Bitboard-Debug|x86 = Bitboard-Debug|x86
		Bitboard-Release|ARM = Bitboard-Release|ARM
		Bitboard-Release|x64 = Bitboard-Release|x64
		Bitboard-Release|x86 = Bitboard-Release|x86
	EndGlobalSection
	GlobalSection(ProjectConfigurationPlatforms) = postSolution
		{28C682E2-C4C0-4D7F-BA9E-2FB2DD6211F9}.Bitboard-Debug|ARM.ActiveCfg = Bitboard-Debug|ARM
		{28C682E2-C4C0-4D7F-BA9E-2FB2DD6211F9}.Bitboard-Debug|ARM.Build.0 = Bitboard-Debug|ARM
		{28C682E2-C4C0-4D7F-BA9E-2FB2DD6211F9}.Bitboard-Debug|x64.ActiveCfg = Bitboard-Debug|x64
		{28C682E2-C4C0-4D7F-BA9E-2FB2DD6211F9}.Bitboard-Debug|x64.Build.0 = Bitboard-Debug|x64
		{28C682E2-C4C0-4D7F-BA9E-2FB2DD6211F9}.Bitboard-Debug|x86.ActiveCfg = Bitboard-Debug|x86
		{28C682E2-C4C0-4D7F-BA9E-2FB2DD6211F9}.Bitboard-Debug|x86.Build.0 = Bitboard-Debug|x86
		{28C682E2-C4C0-4D7F-BA9E-2FB2DD6211F9}.Bitboard-Release|ARM.ActiveCfg = Bitboard-Release|ARM
		{28C682E2-C4C0-4D7F-BA9E-2FB2DD6211F9}.Bitboard-Release|ARM.Build.0 = Bitboard-Release|ARM
		{28C682E2-C4C0-4D7F-BA9E-2FB2DD6211F9}.Bitboard-Release|x64.ActiveCfg = Bitboard-Release|x64
		{28C682E2-C4C0-4D7F-BA9E-2FB2DD6211F9}.Bitboard-Release|x64.Build.0 = Bitboard-Release|x64
		{28C682E2-C4C0-4D7F-BA9E-2FB2DD6211F9}.Bitboard-Release|x86.ActiveCfg = Bitboard-Release|x86
		{28C682E2-C4C0-4D7F-BA9E-2FB2DD6211F9}.Bitboard-Release|x86.Build.0 = Bitboard-Release|x86
	EndGlobalSection
	GlobalSection(SolutionProperties) = preSolution
		HideSolutionNode = FALSE
	EndGlobalSection
	GlobalSection(ExtensibilityGlobals) = postSolution
		SolutionGuid = {57AD0311-9B55-4702-B36A-3978C7615FBE}
	EndGlobalSection
EndGlobal
